
Microsoft Visual Studio Solution File, Format Version 12.00
# Visual Studio 15
VisualStudioVersion = 15.0.28307.902
MinimumVisualStudioVersion = 10.0.40219.1
Project("{FAE04EC0-301F-11D3-BF4B-00C04F79EFBC}") = "GMCBookApp.Android", "GMCBookApp\GMCBookApp.Android\GMCBookApp.Android.csproj", "{5C67E95D-1295-438D-BBC6-D3C2CF067383}"
EndProject
Project("{FAE04EC0-301F-11D3-BF4B-00C04F79EFBC}") = "GMCBookApp.iOS", "GMCBookApp\GMCBookApp.iOS\GMCBookApp.iOS.csproj", "{F07BB743-628B-49E6-B6B1-CCA5A7B8C0AF}"
EndProject
Project("{FAE04EC0-301F-11D3-BF4B-00C04F79EFBC}") = "GMCBookApp", "GMCBookApp\GMCBookApp\GMCBookApp.csproj", "{494D1C43-28FB-4A41-9869-96C718577473}"
EndProject
Global
	GlobalSection(SolutionConfigurationPlatforms) = preSolution
		Ad-Hoc|Any CPU = Ad-Hoc|Any CPU
		Ad-Hoc|iPhone = Ad-Hoc|iPhone
		Ad-Hoc|iPhoneSimulator = Ad-Hoc|iPhoneSimulator
		AppStore|Any CPU = AppStore|Any CPU
		AppStore|iPhone = AppStore|iPhone
		AppStore|iPhoneSimulator = AppStore|iPhoneSimulator
		Debug|Any CPU = Debug|Any CPU
		Debug|iPhone = Debug|iPhone
		Debug|iPhoneSimulator = Debug|iPhoneSimulator
		Release|Any CPU = Release|Any CPU
		Release|iPhone = Release|iPhone
		Release|iPhoneSimulator = Release|iPhoneSimulator
	EndGlobalSection
	GlobalSection(ProjectConfigurationPlatforms) = postSolution
		{5C67E95D-1295-438D-BBC6-D3C2CF067383}.Ad-Hoc|Any CPU.ActiveCfg = Release|Any CPU
		{5C67E95D-1295-438D-BBC6-D3C2CF067383}.Ad-Hoc|Any CPU.Build.0 = Release|Any CPU
		{5C67E95D-1295-438D-BBC6-D3C2CF067383}.Ad-Hoc|Any CPU.Deploy.0 = Release|Any CPU
		{5C67E95D-1295-438D-BBC6-D3C2CF067383}.Ad-Hoc|iPhone.ActiveCfg = Release|Any CPU
		{5C67E95D-1295-438D-BBC6-D3C2CF067383}.Ad-Hoc|iPhone.Build.0 = Release|Any CPU
		{5C67E95D-1295-438D-BBC6-D3C2CF067383}.Ad-Hoc|iPhone.Deploy.0 = Release|Any CPU
		{5C67E95D-1295-438D-BBC6-D3C2CF067383}.Ad-Hoc|iPhoneSimulator.ActiveCfg = Release|Any CPU
		{5C67E95D-1295-438D-BBC6-D3C2CF067383}.Ad-Hoc|iPhoneSimulator.Build.0 = Release|Any CPU
		{5C67E95D-1295-438D-BBC6-D3C2CF067383}.Ad-Hoc|iPhoneSimulator.Deploy.0 = Release|Any CPU
		{5C67E95D-1295-438D-BBC6-D3C2CF067383}.AppStore|Any CPU.ActiveCfg = Release|Any CPU
		{5C67E95D-1295-438D-BBC6-D3C2CF067383}.AppStore|Any CPU.Build.0 = Release|Any CPU
		{5C67E95D-1295-438D-BBC6-D3C2CF067383}.AppStore|Any CPU.Deploy.0 = Release|Any CPU
		{5C67E95D-1295-438D-BBC6-D3C2CF067383}.AppStore|iPhone.ActiveCfg = Release|Any CPU
		{5C67E95D-1295-438D-BBC6-D3C2CF067383}.AppStore|iPhone.Build.0 = Release|Any CPU
		{5C67E95D-1295-438D-BBC6-D3C2CF067383}.AppStore|iPhone.Deploy.0 = Release|Any CPU
		{5C67E95D-1295-438D-BBC6-D3C2CF067383}.AppStore|iPhoneSimulator.ActiveCfg = Release|Any CPU
		{5C67E95D-1295-438D-BBC6-D3C2CF067383}.AppStore|iPhoneSimulator.Build.0 = Release|Any CPU
		{5C67E95D-1295-438D-BBC6-D3C2CF067383}.AppStore|iPhoneSimulator.Deploy.0 = Release|Any CPU
		{5C67E95D-1295-438D-BBC6-D3C2CF067383}.Debug|Any CPU.ActiveCfg = Debug|Any CPU
		{5C67E95D-1295-438D-BBC6-D3C2CF067383}.Debug|Any CPU.Build.0 = Debug|Any CPU
		{5C67E95D-1295-438D-BBC6-D3C2CF067383}.Debug|Any CPU.Deploy.0 = Debug|Any CPU
		{5C67E95D-1295-438D-BBC6-D3C2CF067383}.Debug|iPhone.ActiveCfg = Debug|Any CPU
		{5C67E95D-1295-438D-BBC6-D3C2CF067383}.Debug|iPhone.Build.0 = Debug|Any CPU
		{5C67E95D-1295-438D-BBC6-D3C2CF067383}.Debug|iPhone.Deploy.0 = Debug|Any CPU
		{5C67E95D-1295-438D-BBC6-D3C2CF067383}.Debug|iPhoneSimulator.ActiveCfg = Debug|Any CPU
		{5C67E95D-1295-438D-BBC6-D3C2CF067383}.Debug|iPhoneSimulator.Build.0 = Debug|Any CPU
		{5C67E95D-1295-438D-BBC6-D3C2CF067383}.Debug|iPhoneSimulator.Deploy.0 = Debug|Any CPU
		{5C67E95D-1295-438D-BBC6-D3C2CF067383}.Release|Any CPU.ActiveCfg = Release|Any CPU
		{5C67E95D-1295-438D-BBC6-D3C2CF067383}.Release|Any CPU.Build.0 = Release|Any CPU
		{5C67E95D-1295-438D-BBC6-D3C2CF067383}.Release|Any CPU.Deploy.0 = Release|Any CPU
		{5C67E95D-1295-438D-BBC6-D3C2CF067383}.Release|iPhone.ActiveCfg = Release|Any CPU
		{5C67E95D-1295-438D-BBC6-D3C2CF067383}.Release|iPhone.Build.0 = Release|Any CPU
		{5C67E95D-1295-438D-BBC6-D3C2CF067383}.Release|iPhone.Deploy.0 = Release|Any CPU
		{5C67E95D-1295-438D-BBC6-D3C2CF067383}.Release|iPhoneSimulator.ActiveCfg = Release|Any CPU
		{5C67E95D-1295-438D-BBC6-D3C2CF067383}.Release|iPhoneSimulator.Build.0 = Release|Any CPU
		{5C67E95D-1295-438D-BBC6-D3C2CF067383}.Release|iPhoneSimulator.Deploy.0 = Release|Any CPU
		{F07BB743-628B-49E6-B6B1-CCA5A7B8C0AF}.Ad-Hoc|Any CPU.ActiveCfg = Ad-Hoc|iPhone
		{F07BB743-628B-49E6-B6B1-CCA5A7B8C0AF}.Ad-Hoc|Any CPU.Build.0 = Ad-Hoc|iPhone
		{F07BB743-628B-49E6-B6B1-CCA5A7B8C0AF}.Ad-Hoc|Any CPU.Deploy.0 = Ad-Hoc|iPhone
		{F07BB743-628B-49E6-B6B1-CCA5A7B8C0AF}.Ad-Hoc|iPhone.ActiveCfg = Ad-Hoc|iPhone
		{F07BB743-628B-49E6-B6B1-CCA5A7B8C0AF}.Ad-Hoc|iPhone.Build.0 = Ad-Hoc|iPhone
		{F07BB743-628B-49E6-B6B1-CCA5A7B8C0AF}.Ad-Hoc|iPhone.Deploy.0 = Ad-Hoc|iPhone
		{F07BB743-628B-49E6-B6B1-CCA5A7B8C0AF}.Ad-Hoc|iPhoneSimulator.ActiveCfg = Ad-Hoc|iPhoneSimulator
		{F07BB743-628B-49E6-B6B1-CCA5A7B8C0AF}.Ad-Hoc|iPhoneSimulator.Build.0 = Ad-Hoc|iPhoneSimulator
		{F07BB743-628B-49E6-B6B1-CCA5A7B8C0AF}.Ad-Hoc|iPhoneSimulator.Deploy.0 = Ad-Hoc|iPhoneSimulator
		{F07BB743-628B-49E6-B6B1-CCA5A7B8C0AF}.AppStore|Any CPU.ActiveCfg = AppStore|iPhone
		{F07BB743-628B-49E6-B6B1-CCA5A7B8C0AF}.AppStore|Any CPU.Build.0 = AppStore|iPhone
		{F07BB743-628B-49E6-B6B1-CCA5A7B8C0AF}.AppStore|Any CPU.Deploy.0 = AppStore|iPhone
		{F07BB743-628B-49E6-B6B1-CCA5A7B8C0AF}.AppStore|iPhone.ActiveCfg = AppStore|iPhone
		{F07BB743-628B-49E6-B6B1-CCA5A7B8C0AF}.AppStore|iPhone.Build.0 = AppStore|iPhone
		{F07BB743-628B-49E6-B6B1-CCA5A7B8C0AF}.AppStore|iPhone.Deploy.0 = AppStore|iPhone
		{F07BB743-628B-49E6-B6B1-CCA5A7B8C0AF}.AppStore|iPhoneSimulator.ActiveCfg = AppStore|iPhoneSimulator
		{F07BB743-628B-49E6-B6B1-CCA5A7B8C0AF}.AppStore|iPhoneSimulator.Build.0 = AppStore|iPhoneSimulator
		{F07BB743-628B-49E6-B6B1-CCA5A7B8C0AF}.AppStore|iPhoneSimulator.Deploy.0 = AppStore|iPhoneSimulator
		{F07BB743-628B-49E6-B6B1-CCA5A7B8C0AF}.Debug|Any CPU.ActiveCfg = Debug|iPhoneSimulator
		{F07BB743-628B-49E6-B6B1-CCA5A7B8C0AF}.Debug|Any CPU.Build.0 = Debug|iPhoneSimulator
		{F07BB743-628B-49E6-B6B1-CCA5A7B8C0AF}.Debug|Any CPU.Deploy.0 = Debug|iPhoneSimulator
		{F07BB743-628B-49E6-B6B1-CCA5A7B8C0AF}.Debug|iPhone.ActiveCfg = Debug|iPhone
		{F07BB743-628B-49E6-B6B1-CCA5A7B8C0AF}.Debug|iPhone.Build.0 = Debug|iPhone
		{F07BB743-628B-49E6-B6B1-CCA5A7B8C0AF}.Debug|iPhone.Deploy.0 = Debug|iPhone
		{F07BB743-628B-49E6-B6B1-CCA5A7B8C0AF}.Debug|iPhoneSimulator.ActiveCfg = Debug|iPhoneSimulator
		{F07BB743-628B-49E6-B6B1-CCA5A7B8C0AF}.Debug|iPhoneSimulator.Build.0 = Debug|iPhoneSimulator
		{F07BB743-628B-49E6-B6B1-CCA5A7B8C0AF}.Debug|iPhoneSimulator.Deploy.0 = Debug|iPhoneSimulator
		{F07BB743-628B-49E6-B6B1-CCA5A7B8C0AF}.Release|Any CPU.ActiveCfg = Release|iPhone
		{F07BB743-628B-49E6-B6B1-CCA5A7B8C0AF}.Release|Any CPU.Build.0 = Release|iPhone
		{F07BB743-628B-49E6-B6B1-CCA5A7B8C0AF}.Release|Any CPU.Deploy.0 = Release|iPhone
		{F07BB743-628B-49E6-B6B1-CCA5A7B8C0AF}.Release|iPhone.ActiveCfg = Release|iPhone
		{F07BB743-628B-49E6-B6B1-CCA5A7B8C0AF}.Release|iPhone.Build.0 = Release|iPhone
		{F07BB743-628B-49E6-B6B1-CCA5A7B8C0AF}.Release|iPhone.Deploy.0 = Release|iPhone
		{F07BB743-628B-49E6-B6B1-CCA5A7B8C0AF}.Release|iPhoneSimulator.ActiveCfg = Release|iPhoneSimulator
		{F07BB743-628B-49E6-B6B1-CCA5A7B8C0AF}.Release|iPhoneSimulator.Build.0 = Release|iPhoneSimulator
		{F07BB743-628B-49E6-B6B1-CCA5A7B8C0AF}.Release|iPhoneSimulator.Deploy.0 = Release|iPhoneSimulator
		{494D1C43-28FB-4A41-9869-96C718577473}.Ad-Hoc|Any CPU.ActiveCfg = Debug|Any CPU
		{494D1C43-28FB-4A41-9869-96C718577473}.Ad-Hoc|Any CPU.Build.0 = Debug|Any CPU
		{494D1C43-28FB-4A41-9869-96C718577473}.Ad-Hoc|Any CPU.Deploy.0 = Debug|Any CPU
		{494D1C43-28FB-4A41-9869-96C718577473}.Ad-Hoc|iPhone.ActiveCfg = Debug|Any CPU
		{494D1C43-28FB-4A41-9869-96C718577473}.Ad-Hoc|iPhone.Build.0 = Debug|Any CPU
		{494D1C43-28FB-4A41-9869-96C718577473}.Ad-Hoc|iPhone.Deploy.0 = Debug|Any CPU
		{494D1C43-28FB-4A41-9869-96C718577473}.Ad-Hoc|iPhoneSimulator.ActiveCfg = Debug|Any CPU
		{494D1C43-28FB-4A41-9869-96C718577473}.Ad-Hoc|iPhoneSimulator.Build.0 = Debug|Any CPU
		{494D1C43-28FB-4A41-9869-96C718577473}.Ad-Hoc|iPhoneSimulator.Deploy.0 = Debug|Any CPU
		{494D1C43-28FB-4A41-9869-96C718577473}.AppStore|Any CPU.ActiveCfg = Debug|Any CPU
		{494D1C43-28FB-4A41-9869-96C718577473}.AppStore|Any CPU.Build.0 = Debug|Any CPU
		{494D1C43-28FB-4A41-9869-96C718577473}.AppStore|Any CPU.Deploy.0 = Debug|Any CPU
		{494D1C43-28FB-4A41-9869-96C718577473}.AppStore|iPhone.ActiveCfg = Debug|Any CPU
		{494D1C43-28FB-4A41-9869-96C718577473}.AppStore|iPhone.Build.0 = Debug|Any CPU
		{494D1C43-28FB-4A41-9869-96C718577473}.AppStore|iPhone.Deploy.0 = Debug|Any CPU
		{494D1C43-28FB-4A41-9869-96C718577473}.AppStore|iPhoneSimulator.ActiveCfg = Debug|Any CPU
		{494D1C43-28FB-4A41-9869-96C718577473}.AppStore|iPhoneSimulator.Build.0 = Debug|Any CPU
		{494D1C43-28FB-4A41-9869-96C718577473}.AppStore|iPhoneSimulator.Deploy.0 = Debug|Any CPU
		{494D1C43-28FB-4A41-9869-96C718577473}.Debug|Any CPU.ActiveCfg = Debug|Any CPU
		{494D1C43-28FB-4A41-9869-96C718577473}.Debug|Any CPU.Build.0 = Debug|Any CPU
		{494D1C43-28FB-4A41-9869-96C718577473}.Debug|Any CPU.Deploy.0 = Debug|Any CPU
		{494D1C43-28FB-4A41-9869-96C718577473}.Debug|iPhone.ActiveCfg = Debug|Any CPU
		{494D1C43-28FB-4A41-9869-96C718577473}.Debug|iPhone.Build.0 = Debug|Any CPU
		{494D1C43-28FB-4A41-9869-96C718577473}.Debug|iPhone.Deploy.0 = Debug|Any CPU
		{494D1C43-28FB-4A41-9869-96C718577473}.Debug|iPhoneSimulator.ActiveCfg = Debug|Any CPU
		{494D1C43-28FB-4A41-9869-96C718577473}.Debug|iPhoneSimulator.Build.0 = Debug|Any CPU
		{494D1C43-28FB-4A41-9869-96C718577473}.Debug|iPhoneSimulator.Deploy.0 = Debug|Any CPU
		{494D1C43-28FB-4A41-9869-96C718577473}.Release|Any CPU.ActiveCfg = Release|Any CPU
		{494D1C43-28FB-4A41-9869-96C718577473}.Release|Any CPU.Build.0 = Release|Any CPU
		{494D1C43-28FB-4A41-9869-96C718577473}.Release|Any CPU.Deploy.0 = Release|Any CPU
		{494D1C43-28FB-4A41-9869-96C718577473}.Release|iPhone.ActiveCfg = Release|Any CPU
		{494D1C43-28FB-4A41-9869-96C718577473}.Release|iPhone.Build.0 = Release|Any CPU
		{494D1C43-28FB-4A41-9869-96C718577473}.Release|iPhone.Deploy.0 = Release|Any CPU
		{494D1C43-28FB-4A41-9869-96C718577473}.Release|iPhoneSimulator.ActiveCfg = Release|Any CPU
		{494D1C43-28FB-4A41-9869-96C718577473}.Release|iPhoneSimulator.Build.0 = Release|Any CPU
		{494D1C43-28FB-4A41-9869-96C718577473}.Release|iPhoneSimulator.Deploy.0 = Release|Any CPU
	EndGlobalSection
	GlobalSection(SolutionProperties) = preSolution
		HideSolutionNode = FALSE
	EndGlobalSection
	GlobalSection(ExtensibilityGlobals) = postSolution
		SolutionGuid = {7E9995DA-F330-44DD-955F-39B4D3D8539A}
	EndGlobalSection
EndGlobal
